// !$*UTF8*$!
{
	archiveVersion = 1;
	classes = {
	};
	objectVersion = 46;
	objects = {

/* Begin PBXBuildFile section */
		94B1756813D16EC800B44664 /* Cocoa.framework in Frameworks */ = {isa = PBXBuildFile; fileRef = 94B1756713D16EC800B44664 /* Cocoa.framework */; };
		94B1756A13D16EC800B44664 /* ScreenSaver.framework in Frameworks */ = {isa = PBXBuildFile; fileRef = 94B1756913D16EC800B44664 /* ScreenSaver.framework */; };
		94B1757413D16EC800B44664 /* InfoPlist.strings in Resources */ = {isa = PBXBuildFile; fileRef = 94B1757213D16EC800B44664 /* InfoPlist.strings */; };
		94B1757713D16EC800B44664 /* ShadeoclockView.h in Headers */ = {isa = PBXBuildFile; fileRef = 94B1757613D16EC800B44664 /* ShadeoclockView.h */; };
		94B1757913D16EC800B44664 /* ShadeoclockView.m in Sources */ = {isa = PBXBuildFile; fileRef = 94B1757813D16EC800B44664 /* ShadeoclockView.m */; };
/* End PBXBuildFile section */

/* Begin PBXFileReference section */
		94B1756413D16EC800B44664 /* Shadeoclock.saver */ = {isa = PBXFileReference; explicitFileType = wrapper.cfbundle; includeInIndex = 0; path = Shadeoclock.saver; sourceTree = BUILT_PRODUCTS_DIR; };
		94B1756713D16EC800B44664 /* Cocoa.framework */ = {isa = PBXFileReference; lastKnownFileType = wrapper.framework; name = Cocoa.framework; path = System/Library/Frameworks/Cocoa.framework; sourceTree = SDKROOT; };
		94B1756913D16EC800B44664 /* ScreenSaver.framework */ = {isa = PBXFileReference; lastKnownFileType = wrapper.framework; name = ScreenSaver.framework; path = System/Library/Frameworks/ScreenSaver.framework; sourceTree = SDKROOT; };
		94B1756C13D16EC800B44664 /* AppKit.framework */ = {isa = PBXFileReference; lastKnownFileType = wrapper.framework; name = AppKit.framework; path = System/Library/Frameworks/AppKit.framework; sourceTree = SDKROOT; };
		94B1756D13D16EC800B44664 /* CoreData.framework */ = {isa = PBXFileReference; lastKnownFileType = wrapper.framework; name = CoreData.framework; path = System/Library/Frameworks/CoreData.framework; sourceTree = SDKROOT; };
		94B1756E13D16EC800B44664 /* Foundation.framework */ = {isa = PBXFileReference; lastKnownFileType = wrapper.framework; name = Foundation.framework; path = System/Library/Frameworks/Foundation.framework; sourceTree = SDKROOT; };
		94B1757113D16EC800B44664 /* Shadeoclock-Info.plist */ = {isa = PBXFileReference; path = "Shadeoclock-Info.plist"; sourceTree = "<group>"; };
		94B1757313D16EC800B44664 /* en */ = {isa = PBXFileReference; lastKnownFileType = text.plist.strings; name = en; path = en.lproj/InfoPlist.strings; sourceTree = "<group>"; };
		94B1757513D16EC800B44664 /* Shadeoclock-Prefix.pch */ = {isa = PBXFileReference; path = "Shadeoclock-Prefix.pch"; sourceTree = "<group>"; };
		94B1757613D16EC800B44664 /* ShadeoclockView.h */ = {isa = PBXFileReference; lastKnownFileType = sourcecode.c.h; path = ShadeoclockView.h; sourceTree = "<group>"; };
		94B1757813D16EC800B44664 /* ShadeoclockView.m */ = {isa = PBXFileReference; lastKnownFileType = sourcecode.c.objc; path = ShadeoclockView.m; sourceTree = "<group>"; };
/* End PBXFileReference section */

/* Begin PBXFrameworksBuildPhase section */
		94B1755F13D16EC800B44664 /* Frameworks */ = {
			isa = PBXFrameworksBuildPhase;
			buildActionMask = 2147483647;
			files = (
				94B1756813D16EC800B44664 /* Cocoa.framework in Frameworks */,
				94B1756A13D16EC800B44664 /* ScreenSaver.framework in Frameworks */,
			);
			runOnlyForDeploymentPostprocessing = 0;
		};
/* End PBXFrameworksBuildPhase section */

/* Begin PBXGroup section */
		94B1755713D16EC800B44664 = {
			isa = PBXGroup;
			children = (
				94B1756F13D16EC800B44664 /* Shadeoclock */,
				94B1756613D16EC800B44664 /* Frameworks */,
				94B1756513D16EC800B44664 /* Products */,
			);
			sourceTree = "<group>";
		};
		94B1756513D16EC800B44664 /* Products */ = {
			isa = PBXGroup;
			children = (
				94B1756413D16EC800B44664 /* Shadeoclock.saver */,
			);
			name = Products;
			sourceTree = "<group>";
		};
		94B1756613D16EC800B44664 /* Frameworks */ = {
			isa = PBXGroup;
			children = (
				94B1756713D16EC800B44664 /* Cocoa.framework */,
				94B1756913D16EC800B44664 /* ScreenSaver.framework */,
				94B1756B13D16EC800B44664 /* Other Frameworks */,
			);
			name = Frameworks;
			sourceTree = "<group>";
		};
		94B1756B13D16EC800B44664 /* Other Frameworks */ = {
			isa = PBXGroup;
			children = (
				94B1756C13D16EC800B44664 /* AppKit.framework */,
				94B1756D13D16EC800B44664 /* CoreData.framework */,
				94B1756E13D16EC800B44664 /* Foundation.framework */,
			);
			name = "Other Frameworks";
			sourceTree = "<group>";
		};
		94B1756F13D16EC800B44664 /* Shadeoclock */ = {
			isa = PBXGroup;
			children = (
				94B1757613D16EC800B44664 /* ShadeoclockView.h */,
				94B1757813D16EC800B44664 /* ShadeoclockView.m */,
				94B1757013D16EC800B44664 /* Supporting Files */,
			);
			path = Shadeoclock;
			sourceTree = "<group>";
		};
		94B1757013D16EC800B44664 /* Supporting Files */ = {
			isa = PBXGroup;
			children = (
				94B1757113D16EC800B44664 /* Shadeoclock-Info.plist */,
				94B1757213D16EC800B44664 /* InfoPlist.strings */,
				94B1757513D16EC800B44664 /* Shadeoclock-Prefix.pch */,
			);
			name = "Supporting Files";
			sourceTree = "<group>";
		};
/* End PBXGroup section */

/* Begin PBXHeadersBuildPhase section */
		94B1756013D16EC800B44664 /* Headers */ = {
			isa = PBXHeadersBuildPhase;
			buildActionMask = 2147483647;
			files = (
				94B1757713D16EC800B44664 /* ShadeoclockView.h in Headers */,
			);
			runOnlyForDeploymentPostprocessing = 0;
		};
/* End PBXHeadersBuildPhase section */

/* Begin PBXNativeTarget section */
		94B1756313D16EC800B44664 /* Shadeoclock */ = {
			isa = PBXNativeTarget;
			buildConfigurationList = 94B1757C13D16EC800B44664 /* Build configuration list for PBXNativeTarget "Shadeoclock" */;
			buildPhases = (
				94B1755E13D16EC800B44664 /* Sources */,
				94B1755F13D16EC800B44664 /* Frameworks */,
				94B1756013D16EC800B44664 /* Headers */,
				94B1756113D16EC800B44664 /* Resources */,
				94B1756213D16EC800B44664 /* Rez */,
			);
			buildRules = (
			);
			dependencies = (
			);
			name = Shadeoclock;
			productName = Shadeoclock;
			productReference = 94B1756413D16EC800B44664 /* Shadeoclock.saver */;
			productType = "com.apple.product-type.bundle";
		};
/* End PBXNativeTarget section */

/* Begin PBXProject section */
		94B1755913D16EC800B44664 /* Project object */ = {
			isa = PBXProject;
			attributes = {
				ORGANIZATIONNAME = "Tumult Inc.";
			};
			buildConfigurationList = 94B1755C13D16EC800B44664 /* Build configuration list for PBXProject "Shadeoclock" */;
			compatibilityVersion = "Xcode 3.2";
			developmentRegion = English;
			hasScannedForEncodings = 0;
			knownRegions = (
				en,
			);
			mainGroup = 94B1755713D16EC800B44664;
			productRefGroup = 94B1756513D16EC800B44664 /* Products */;
			projectDirPath = "";
			projectRoot = "";
			targets = (
				94B1756313D16EC800B44664 /* Shadeoclock */,
			);
		};
/* End PBXProject section */

/* Begin PBXResourcesBuildPhase section */
		94B1756113D16EC800B44664 /* Resources */ = {
			isa = PBXResourcesBuildPhase;
			buildActionMask = 2147483647;
			files = (
				94B1757413D16EC800B44664 /* InfoPlist.strings in Resources */,
			);
			runOnlyForDeploymentPostprocessing = 0;
		};
/* End PBXResourcesBuildPhase section */

/* Begin PBXRezBuildPhase section */
		94B1756213D16EC800B44664 /* Rez */ = {
			isa = PBXRezBuildPhase;
			buildActionMask = 2147483647;
			files = (
			);
			runOnlyForDeploymentPostprocessing = 0;
		};
/* End PBXRezBuildPhase section */

/* Begin PBXSourcesBuildPhase section */
		94B1755E13D16EC800B44664 /* Sources */ = {
			isa = PBXSourcesBuildPhase;
			buildActionMask = 2147483647;
			files = (
				94B1757913D16EC800B44664 /* ShadeoclockView.m in Sources */,
			);
			runOnlyForDeploymentPostprocessing = 0;
		};
/* End PBXSourcesBuildPhase section */

/* Begin PBXVariantGroup section */
		94B1757213D16EC800B44664 /* InfoPlist.strings */ = {
			isa = PBXVariantGroup;
			children = (
				94B1757313D16EC800B44664 /* en */,
			);
			name = InfoPlist.strings;
			sourceTree = "<group>";
		};
/* End PBXVariantGroup section */

/* Begin XCBuildConfiguration section */
		94B1757A13D16EC800B44664 /* Debug */ = {
			isa = XCBuildConfiguration;
			buildSettings = {
				ALWAYS_SEARCH_USER_PATHS = NO;
				ARCHS = "$(ARCHS_STANDARD_64_BIT)";
				COPY_PHASE_STRIP = NO;
				GCC_C_LANGUAGE_STANDARD = gnu99;
				GCC_DYNAMIC_NO_PIC = NO;
				GCC_ENABLE_OBJC_EXCEPTIONS = YES;
				GCC_ENABLE_OBJC_GC = supported;
				GCC_OPTIMIZATION_LEVEL = 0;
				GCC_PREPROCESSOR_DEFINITIONS = (
					"DEBUG=1",
					"$(inherited)",
				);
				GCC_SYMBOLS_PRIVATE_EXTERN = NO;
				GCC_VERSION = com.apple.compilers.llvm.clang.1_0;
				GCC_WARN_64_TO_32_BIT_CONVERSION = YES;
				GCC_WARN_ABOUT_MISSING_PROTOTYPES = YES;
				GCC_WARN_ABOUT_RETURN_TYPE = YES;
				GCC_WARN_UNUSED_VARIABLE = YES;
				MACOSX_DEPLOYMENT_TARGET = 10.7;
				ONLY_ACTIVE_ARCH = YES;
				SDKROOT = macosx;
			};
			name = Debug;
		};
		94B1757B13D16EC800B44664 /* Release */ = {
			isa = XCBuildConfiguration;
			buildSettings = {
				ALWAYS_SEARCH_USER_PATHS = NO;
				ARCHS = "$(ARCHS_STANDARD_64_BIT)";
				COPY_PHASE_STRIP = YES;
				DEBUG_INFORMATION_FORMAT = "dwarf-with-dsym";
				GCC_C_LANGUAGE_STANDARD = gnu99;
				GCC_ENABLE_OBJC_EXCEPTIONS = YES;
				GCC_ENABLE_OBJC_GC = supported;
				GCC_VERSION = com.apple.compilers.llvm.clang.1_0;
				GCC_WARN_64_TO_32_BIT_CONVERSION = YES;
				GCC_WARN_ABOUT_MISSING_PROTOTYPES = YES;
				GCC_WARN_ABOUT_RETURN_TYPE = YES;
				GCC_WARN_UNUSED_VARIABLE = YES;
				MACOSX_DEPLOYMENT_TARGET = 10.7;
				SDKROOT = macosx;
			};
			name = Release;
		};
		94B1757D13D16EC800B44664 /* Debug */ = {
			isa = XCBuildConfiguration;
			buildSettings = {
				GCC_PRECOMPILE_PREFIX_HEADER = YES;
				GCC_PREFIX_HEADER = "Shadeoclock/Shadeoclock-Prefix.pch";
				INFOPLIST_FILE = "Shadeoclock/Shadeoclock-Info.plist";
				INSTALL_PATH = "$(HOME)/Library/Screen Savers";
				PRODUCT_NAME = "$(TARGET_NAME)";
				WRAPPER_EXTENSION = saver;
			};
			name = Debug;
		};
		94B1757E13D16EC800B44664 /* Release */ = {
			isa = XCBuildConfiguration;
			buildSettings = {
				GCC_PRECOMPILE_PREFIX_HEADER = YES;
				GCC_PREFIX_HEADER = "Shadeoclock/Shadeoclock-Prefix.pch";
				INFOPLIST_FILE = "Shadeoclock/Shadeoclock-Info.plist";
				INSTALL_PATH = "$(HOME)/Library/Screen Savers";
				PRODUCT_NAME = "$(TARGET_NAME)";
				WRAPPER_EXTENSION = saver;
			};
			name = Release;
		};
/* End XCBuildConfiguration section */

/* Begin XCConfigurationList section */
		94B1755C13D16EC800B44664 /* Build configuration list for PBXProject "Shadeoclock" */ = {
			isa = XCConfigurationList;
			buildConfigurations = (
				94B1757A13D16EC800B44664 /* Debug */,
				94B1757B13D16EC800B44664 /* Release */,
			);
			defaultConfigurationIsVisible = 0;
			defaultConfigurationName = Release;
		};
		94B1757C13D16EC800B44664 /* Build configuration list for PBXNativeTarget "Shadeoclock" */ = {
			isa = XCConfigurationList;
			buildConfigurations = (
				94B1757D13D16EC800B44664 /* Debug */,
				94B1757E13D16EC800B44664 /* Release */,
			);
			defaultConfigurationIsVisible = 0;
		};
/* End XCConfigurationList section */
	};
	rootObject = 94B1755913D16EC800B44664 /* Project object */;
}
